
Microsoft Visual Studio Solution File, Format Version 12.00
# Visual Studio 15
Project("{FAE04EC0-301F-11D3-BF4B-00C04F79EFBC}") = "VendingMachineProject", "VendingMachineProject\VendingMachineProject.csproj", "{6B0811CF-2D2C-4771-9A21-CB59F112F71E}"
EndProject
Global
	GlobalSection(SolutionConfigurationPlatforms) = preSolution
		Debug|Any CPU = Debug|Any CPU
		Release|Any CPU = Release|Any CPU
	EndGlobalSection
	GlobalSection(ProjectConfigurationPlatforms) = postSolution
		{6B0811CF-2D2C-4771-9A21-CB59F112F71E}.Debug|Any CPU.ActiveCfg = Debug|Any CPU
		{6B0811CF-2D2C-4771-9A21-CB59F112F71E}.Debug|Any CPU.Build.0 = Debug|Any CPU
		{6B0811CF-2D2C-4771-9A21-CB59F112F71E}.Release|Any CPU.ActiveCfg = Release|Any CPU
		{6B0811CF-2D2C-4771-9A21-CB59F112F71E}.Release|Any CPU.Build.0 = Release|Any CPU
	EndGlobalSection
EndGlobal
